// !$*UTF8*$!
{
	archiveVersion = 1;
	classes = {
	};
	objectVersion = 46;
	objects = {

/* Begin PBXBuildFile section */
		BE2284071EC4485100462CC6 /* GeoFire.m in Sources */ = {isa = PBXBuildFile; fileRef = BE2283FE1EC4485100462CC6 /* GeoFire.m */; };
		BE2284081EC4485100462CC6 /* GFBase32Utils.m in Sources */ = {isa = PBXBuildFile; fileRef = BE2284001EC4485100462CC6 /* GFBase32Utils.m */; };
		BE2284091EC4485100462CC6 /* GFGeoHash.m in Sources */ = {isa = PBXBuildFile; fileRef = BE2284021EC4485100462CC6 /* GFGeoHash.m */; };
		BE22840A1EC4485100462CC6 /* GFGeoHashQuery.m in Sources */ = {isa = PBXBuildFile; fileRef = BE2284041EC4485100462CC6 /* GFGeoHashQuery.m */; };
		BE22840B1EC4485100462CC6 /* GFQuery.m in Sources */ = {isa = PBXBuildFile; fileRef = BE2284061EC4485100462CC6 /* GFQuery.m */; };
		BE23AA0B1EC43DCD00720589 /* AppDelegate.swift in Sources */ = {isa = PBXBuildFile; fileRef = BE23AA0A1EC43DCD00720589 /* AppDelegate.swift */; };
		BE23AA0D1EC43DCD00720589 /* ViewController.swift in Sources */ = {isa = PBXBuildFile; fileRef = BE23AA0C1EC43DCD00720589 /* ViewController.swift */; };
		BE23AA101EC43DCD00720589 /* Main.storyboard in Resources */ = {isa = PBXBuildFile; fileRef = BE23AA0E1EC43DCD00720589 /* Main.storyboard */; };
		BE23AA121EC43DCD00720589 /* Assets.xcassets in Resources */ = {isa = PBXBuildFile; fileRef = BE23AA111EC43DCD00720589 /* Assets.xcassets */; };
		BE23AA151EC43DCD00720589 /* LaunchScreen.storyboard in Resources */ = {isa = PBXBuildFile; fileRef = BE23AA131EC43DCD00720589 /* LaunchScreen.storyboard */; };
		BE23AA1D1EC43DF700720589 /* GoogleService-Info.plist in Resources */ = {isa = PBXBuildFile; fileRef = BE23AA1C1EC43DF700720589 /* GoogleService-Info.plist */; };
		BE42A3991EC4AEA500FE029F /* PokeAnnotation.swift in Sources */ = {isa = PBXBuildFile; fileRef = BE42A3981EC4AEA500FE029F /* PokeAnnotation.swift */; };
/* End PBXBuildFile section */

/* Begin PBXFileReference section */
		0541274B99179749E7FA4641 /* Pods-Poke Finder.release.xcconfig */ = {isa = PBXFileReference; includeInIndex = 1; lastKnownFileType = text.xcconfig; name = "Pods-Poke Finder.release.xcconfig"; path = "Pods/Target Support Files/Pods-Poke Finder/Pods-Poke Finder.release.xcconfig"; sourceTree = "<group>"; };
		627AEE7B861A23BDE586BFEF /* Pods-Poke Finder.debug.xcconfig */ = {isa = PBXFileReference; includeInIndex = 1; lastKnownFileType = text.xcconfig; name = "Pods-Poke Finder.debug.xcconfig"; path = "Pods/Target Support Files/Pods-Poke Finder/Pods-Poke Finder.debug.xcconfig"; sourceTree = "<group>"; };
		BE2283F71EC4485100462CC6 /* GeoFire.h */ = {isa = PBXFileReference; fileEncoding = 4; lastKnownFileType = sourcecode.c.h; path = GeoFire.h; sourceTree = "<group>"; };
		BE2283F81EC4485100462CC6 /* GFCircleQuery.h */ = {isa = PBXFileReference; fileEncoding = 4; lastKnownFileType = sourcecode.c.h; path = GFCircleQuery.h; sourceTree = "<group>"; };
		BE2283F91EC4485100462CC6 /* GFQuery.h */ = {isa = PBXFileReference; fileEncoding = 4; lastKnownFileType = sourcecode.c.h; path = GFQuery.h; sourceTree = "<group>"; };
		BE2283FA1EC4485100462CC6 /* GFRegionQuery.h */ = {isa = PBXFileReference; fileEncoding = 4; lastKnownFileType = sourcecode.c.h; path = GFRegionQuery.h; sourceTree = "<group>"; };
		BE2283FB1EC4485100462CC6 /* GeoFire-Prefix.pch */ = {isa = PBXFileReference; fileEncoding = 4; lastKnownFileType = sourcecode.c.h; path = "GeoFire-Prefix.pch"; sourceTree = "<group>"; };
		BE2283FD1EC4485100462CC6 /* GeoFire+Private.h */ = {isa = PBXFileReference; fileEncoding = 4; lastKnownFileType = sourcecode.c.h; path = "GeoFire+Private.h"; sourceTree = "<group>"; };
		BE2283FE1EC4485100462CC6 /* GeoFire.m */ = {isa = PBXFileReference; fileEncoding = 4; lastKnownFileType = sourcecode.c.objc; path = GeoFire.m; sourceTree = "<group>"; };
		BE2283FF1EC4485100462CC6 /* GFBase32Utils.h */ = {isa = PBXFileReference; fileEncoding = 4; lastKnownFileType = sourcecode.c.h; path = GFBase32Utils.h; sourceTree = "<group>"; };
		BE2284001EC4485100462CC6 /* GFBase32Utils.m */ = {isa = PBXFileReference; fileEncoding = 4; lastKnownFileType = sourcecode.c.objc; path = GFBase32Utils.m; sourceTree = "<group>"; };
		BE2284011EC4485100462CC6 /* GFGeoHash.h */ = {isa = PBXFileReference; fileEncoding = 4; lastKnownFileType = sourcecode.c.h; path = GFGeoHash.h; sourceTree = "<group>"; };
		BE2284021EC4485100462CC6 /* GFGeoHash.m */ = {isa = PBXFileReference; fileEncoding = 4; lastKnownFileType = sourcecode.c.objc; path = GFGeoHash.m; sourceTree = "<group>"; };
		BE2284031EC4485100462CC6 /* GFGeoHashQuery.h */ = {isa = PBXFileReference; fileEncoding = 4; lastKnownFileType = sourcecode.c.h; path = GFGeoHashQuery.h; sourceTree = "<group>"; };
		BE2284041EC4485100462CC6 /* GFGeoHashQuery.m */ = {isa = PBXFileReference; fileEncoding = 4; lastKnownFileType = sourcecode.c.objc; path = GFGeoHashQuery.m; sourceTree = "<group>"; };
		BE2284051EC4485100462CC6 /* GFQuery+Private.h */ = {isa = PBXFileReference; fileEncoding = 4; lastKnownFileType = sourcecode.c.h; path = "GFQuery+Private.h"; sourceTree = "<group>"; };
		BE2284061EC4485100462CC6 /* GFQuery.m */ = {isa = PBXFileReference; fileEncoding = 4; lastKnownFileType = sourcecode.c.objc; path = GFQuery.m; sourceTree = "<group>"; };
		BE23AA071EC43DCD00720589 /* Poke Finder.app */ = {isa = PBXFileReference; explicitFileType = wrapper.application; includeInIndex = 0; path = "Poke Finder.app"; sourceTree = BUILT_PRODUCTS_DIR; };
		BE23AA0A1EC43DCD00720589 /* AppDelegate.swift */ = {isa = PBXFileReference; lastKnownFileType = sourcecode.swift; path = AppDelegate.swift; sourceTree = "<group>"; };
		BE23AA0C1EC43DCD00720589 /* ViewController.swift */ = {isa = PBXFileReference; lastKnownFileType = sourcecode.swift; name = ViewController.swift; path = "Poke Finder/ViewController.swift"; sourceTree = "<group>"; };
		BE23AA0F1EC43DCD00720589 /* Base */ = {isa = PBXFileReference; lastKnownFileType = file.storyboard; name = Base; path = Base.lproj/Main.storyboard; sourceTree = "<group>"; };
		BE23AA111EC43DCD00720589 /* Assets.xcassets */ = {isa = PBXFileReference; lastKnownFileType = folder.assetcatalog; path = Assets.xcassets; sourceTree = "<group>"; };
		BE23AA141EC43DCD00720589 /* Base */ = {isa = PBXFileReference; lastKnownFileType = file.storyboard; name = Base; path = Base.lproj/LaunchScreen.storyboard; sourceTree = "<group>"; };
		BE23AA161EC43DCD00720589 /* Info.plist */ = {isa = PBXFileReference; lastKnownFileType = text.plist.xml; path = Info.plist; sourceTree = "<group>"; };
		BE23AA1C1EC43DF700720589 /* GoogleService-Info.plist */ = {isa = PBXFileReference; fileEncoding = 4; lastKnownFileType = text.plist.xml; path = "GoogleService-Info.plist"; sourceTree = "<group>"; };
		BE42A3951EC475C700FE029F /* PokeFinder-Bridging-Header.h */ = {isa = PBXFileReference; fileEncoding = 4; lastKnownFileType = sourcecode.c.h; path = "PokeFinder-Bridging-Header.h"; sourceTree = "<group>"; };
		BE42A3981EC4AEA500FE029F /* PokeAnnotation.swift */ = {isa = PBXFileReference; fileEncoding = 4; lastKnownFileType = sourcecode.swift; path = PokeAnnotation.swift; sourceTree = "<group>"; };
/* End PBXFileReference section */

/* Begin PBXFrameworksBuildPhase section */
		BE23AA041EC43DCD00720589 /* Frameworks */ = {
			isa = PBXFrameworksBuildPhase;
			buildActionMask = 2147483647;
			files = (
			);
			runOnlyForDeploymentPostprocessing = 0;
		};
/* End PBXFrameworksBuildPhase section */

/* Begin PBXGroup section */
		0E7E6E8393D9064F46938F34 /* Frameworks */ = {
			isa = PBXGroup;
			children = (
			);
			name = Frameworks;
			sourceTree = "<group>";
		};
		6AC9A9CEF2242F44D58E2205 /* Pods */ = {
			isa = PBXGroup;
			children = (
				627AEE7B861A23BDE586BFEF /* Pods-Poke Finder.debug.xcconfig */,
				0541274B99179749E7FA4641 /* Pods-Poke Finder.release.xcconfig */,
			);
			name = Pods;
			sourceTree = "<group>";
		};
		BE2283F51EC4485100462CC6 /* GeoFire */ = {
			isa = PBXGroup;
			children = (
				BE2283F61EC4485100462CC6 /* API */,
				BE2283FB1EC4485100462CC6 /* GeoFire-Prefix.pch */,
				BE2283FC1EC4485100462CC6 /* Implementation */,
			);
			path = GeoFire;
			sourceTree = "<group>";
		};
		BE2283F61EC4485100462CC6 /* API */ = {
			isa = PBXGroup;
			children = (
				BE2283F71EC4485100462CC6 /* GeoFire.h */,
				BE2283F81EC4485100462CC6 /* GFCircleQuery.h */,
				BE2283F91EC4485100462CC6 /* GFQuery.h */,
				BE2283FA1EC4485100462CC6 /* GFRegionQuery.h */,
			);
			path = API;
			sourceTree = "<group>";
		};
		BE2283FC1EC4485100462CC6 /* Implementation */ = {
			isa = PBXGroup;
			children = (
				BE2283FD1EC4485100462CC6 /* GeoFire+Private.h */,
				BE2283FE1EC4485100462CC6 /* GeoFire.m */,
				BE2283FF1EC4485100462CC6 /* GFBase32Utils.h */,
				BE2284001EC4485100462CC6 /* GFBase32Utils.m */,
				BE2284011EC4485100462CC6 /* GFGeoHash.h */,
				BE2284021EC4485100462CC6 /* GFGeoHash.m */,
				BE2284031EC4485100462CC6 /* GFGeoHashQuery.h */,
				BE2284041EC4485100462CC6 /* GFGeoHashQuery.m */,
				BE2284051EC4485100462CC6 /* GFQuery+Private.h */,
				BE2284061EC4485100462CC6 /* GFQuery.m */,
			);
			path = Implementation;
			sourceTree = "<group>";
		};
		BE23A9FE1EC43DCD00720589 = {
			isa = PBXGroup;
			children = (
				BE42A3971EC4AE6E00FE029F /* Model */,
				BE42A3961EC4AE6400FE029F /* Controller */,
				BE42A3951EC475C700FE029F /* PokeFinder-Bridging-Header.h */,
				BE2283F51EC4485100462CC6 /* GeoFire */,
				BE23AA091EC43DCD00720589 /* Poke Finder */,
				BE23AA081EC43DCD00720589 /* Products */,
				6AC9A9CEF2242F44D58E2205 /* Pods */,
				0E7E6E8393D9064F46938F34 /* Frameworks */,
			);
			sourceTree = "<group>";
		};
		BE23AA081EC43DCD00720589 /* Products */ = {
			isa = PBXGroup;
			children = (
				BE23AA071EC43DCD00720589 /* Poke Finder.app */,
			);
			name = Products;
			sourceTree = "<group>";
		};
		BE23AA091EC43DCD00720589 /* Poke Finder */ = {
			isa = PBXGroup;
			children = (
				BE23AA0A1EC43DCD00720589 /* AppDelegate.swift */,
				BE23AA111EC43DCD00720589 /* Assets.xcassets */,
				BE23AA131EC43DCD00720589 /* LaunchScreen.storyboard */,
				BE23AA0E1EC43DCD00720589 /* Main.storyboard */,
				BE23AA161EC43DCD00720589 /* Info.plist */,
				BE23AA1C1EC43DF700720589 /* GoogleService-Info.plist */,
			);
			path = "Poke Finder";
			sourceTree = "<group>";
		};
		BE42A3961EC4AE6400FE029F /* Controller */ = {
			isa = PBXGroup;
			children = (
				BE23AA0C1EC43DCD00720589 /* ViewController.swift */,
			);
			name = Controller;
			sourceTree = "<group>";
		};
		BE42A3971EC4AE6E00FE029F /* Model */ = {
			isa = PBXGroup;
			children = (
				BE42A3981EC4AEA500FE029F /* PokeAnnotation.swift */,
			);
			name = Model;
			sourceTree = "<group>";
		};
/* End PBXGroup section */

/* Begin PBXNativeTarget section */
		BE23AA061EC43DCD00720589 /* Poke Finder */ = {
			isa = PBXNativeTarget;
			buildConfigurationList = BE23AA191EC43DCD00720589 /* Build configuration list for PBXNativeTarget "Poke Finder" */;
			buildPhases = (
				0E00DFFE4417CE355C61CAF2 /* [CP] Check Pods Manifest.lock */,
				BE23AA031EC43DCD00720589 /* Sources */,
				BE23AA041EC43DCD00720589 /* Frameworks */,
				BE23AA051EC43DCD00720589 /* Resources */,
				4B7DF2DDBF674B1A8A3E0AD0 /* [CP] Embed Pods Frameworks */,
				DA2A592B53D9CBA147D6E05F /* [CP] Copy Pods Resources */,
			);
			buildRules = (
			);
			dependencies = (
			);
			name = "Poke Finder";
			productName = "Poke Finder";
			productReference = BE23AA071EC43DCD00720589 /* Poke Finder.app */;
			productType = "com.apple.product-type.application";
		};
/* End PBXNativeTarget section */

/* Begin PBXProject section */
		BE23A9FF1EC43DCD00720589 /* Project object */ = {
			isa = PBXProject;
			attributes = {
				LastSwiftUpdateCheck = 0830;
				LastUpgradeCheck = 0830;
				ORGANIZATIONNAME = "Alexandru Corut";
				TargetAttributes = {
					BE23AA061EC43DCD00720589 = {
						CreatedOnToolsVersion = 8.3.2;
						DevelopmentTeam = 5XZQ592FBM;
						ProvisioningStyle = Automatic;
					};
				};
			};
			buildConfigurationList = BE23AA021EC43DCD00720589 /* Build configuration list for PBXProject "Poke Finder" */;
			compatibilityVersion = "Xcode 3.2";
			developmentRegion = English;
			hasScannedForEncodings = 0;
			knownRegions = (
				en,
				Base,
			);
			mainGroup = BE23A9FE1EC43DCD00720589;
			productRefGroup = BE23AA081EC43DCD00720589 /* Products */;
			projectDirPath = "";
			projectRoot = "";
			targets = (
				BE23AA061EC43DCD00720589 /* Poke Finder */,
			);
		};
/* End PBXProject section */

/* Begin PBXResourcesBuildPhase section */
		BE23AA051EC43DCD00720589 /* Resources */ = {
			isa = PBXResourcesBuildPhase;
			buildActionMask = 2147483647;
			files = (
				BE23AA151EC43DCD00720589 /* LaunchScreen.storyboard in Resources */,
				BE23AA1D1EC43DF700720589 /* GoogleService-Info.plist in Resources */,
				BE23AA121EC43DCD00720589 /* Assets.xcassets in Resources */,
				BE23AA101EC43DCD00720589 /* Main.storyboard in Resources */,
			);
			runOnlyForDeploymentPostprocessing = 0;
		};
/* End PBXResourcesBuildPhase section */

/* Begin PBXShellScriptBuildPhase section */
		0E00DFFE4417CE355C61CAF2 /* [CP] Check Pods Manifest.lock */ = {
			isa = PBXShellScriptBuildPhase;
			buildActionMask = 2147483647;
			files = (
			);
			inputPaths = (
			);
			name = "[CP] Check Pods Manifest.lock";
			outputPaths = (
			);
			runOnlyForDeploymentPostprocessing = 0;
			shellPath = /bin/sh;
			shellScript = "diff \"${PODS_PODFILE_DIR_PATH}/Podfile.lock\" \"${PODS_ROOT}/Manifest.lock\" > /dev/null\nif [ $? != 0 ] ; then\n    # print error to STDERR\n    echo \"error: The sandbox is not in sync with the Podfile.lock. Run 'pod install' or update your CocoaPods installation.\" >&2\n    exit 1\nfi\n";
			showEnvVarsInLog = 0;
		};
		4B7DF2DDBF674B1A8A3E0AD0 /* [CP] Embed Pods Frameworks */ = {
			isa = PBXShellScriptBuildPhase;
			buildActionMask = 2147483647;
			files = (
			);
			inputPaths = (
			);
			name = "[CP] Embed Pods Frameworks";
			outputPaths = (
			);
			runOnlyForDeploymentPostprocessing = 0;
			shellPath = /bin/sh;
			shellScript = "\"${SRCROOT}/Pods/Target Support Files/Pods-Poke Finder/Pods-Poke Finder-frameworks.sh\"\n";
			showEnvVarsInLog = 0;
		};
		DA2A592B53D9CBA147D6E05F /* [CP] Copy Pods Resources */ = {
			isa = PBXShellScriptBuildPhase;
			buildActionMask = 2147483647;
			files = (
			);
			inputPaths = (
			);
			name = "[CP] Copy Pods Resources";
			outputPaths = (
			);
			runOnlyForDeploymentPostprocessing = 0;
			shellPath = /bin/sh;
			shellScript = "\"${SRCROOT}/Pods/Target Support Files/Pods-Poke Finder/Pods-Poke Finder-resources.sh\"\n";
			showEnvVarsInLog = 0;
		};
/* End PBXShellScriptBuildPhase section */

/* Begin PBXSourcesBuildPhase section */
		BE23AA031EC43DCD00720589 /* Sources */ = {
			isa = PBXSourcesBuildPhase;
			buildActionMask = 2147483647;
			files = (
				BE2284081EC4485100462CC6 /* GFBase32Utils.m in Sources */,
				BE42A3991EC4AEA500FE029F /* PokeAnnotation.swift in Sources */,
				BE23AA0D1EC43DCD00720589 /* ViewController.swift in Sources */,
				BE2284091EC4485100462CC6 /* GFGeoHash.m in Sources */,
				BE23AA0B1EC43DCD00720589 /* AppDelegate.swift in Sources */,
				BE2284071EC4485100462CC6 /* GeoFire.m in Sources */,
				BE22840A1EC4485100462CC6 /* GFGeoHashQuery.m in Sources */,
				BE22840B1EC4485100462CC6 /* GFQuery.m in Sources */,
			);
			runOnlyForDeploymentPostprocessing = 0;
		};
/* End PBXSourcesBuildPhase section */

/* Begin PBXVariantGroup section */
		BE23AA0E1EC43DCD00720589 /* Main.storyboard */ = {
			isa = PBXVariantGroup;
			children = (
				BE23AA0F1EC43DCD00720589 /* Base */,
			);
			name = Main.storyboard;
			sourceTree = "<group>";
		};
		BE23AA131EC43DCD00720589 /* LaunchScreen.storyboard */ = {
			isa = PBXVariantGroup;
			children = (
				BE23AA141EC43DCD00720589 /* Base */,
			);
			name = LaunchScreen.storyboard;
			sourceTree = "<group>";
		};
/* End PBXVariantGroup section */

/* Begin XCBuildConfiguration section */
		BE23AA171EC43DCD00720589 /* Debug */ = {
			isa = XCBuildConfiguration;
			buildSettings = {
				ALWAYS_SEARCH_USER_PATHS = NO;
				CLANG_ANALYZER_NONNULL = YES;
				CLANG_ANALYZER_NUMBER_OBJECT_CONVERSION = YES_AGGRESSIVE;
				CLANG_CXX_LANGUAGE_STANDARD = "gnu++0x";
				CLANG_CXX_LIBRARY = "libc++";
				CLANG_ENABLE_MODULES = YES;
				CLANG_ENABLE_OBJC_ARC = YES;
				CLANG_WARN_BOOL_CONVERSION = YES;
				CLANG_WARN_CONSTANT_CONVERSION = YES;
				CLANG_WARN_DIRECT_OBJC_ISA_USAGE = YES_ERROR;
				CLANG_WARN_DOCUMENTATION_COMMENTS = YES;
				CLANG_WARN_EMPTY_BODY = YES;
				CLANG_WARN_ENUM_CONVERSION = YES;
				CLANG_WARN_INFINITE_RECURSION = YES;
				CLANG_WARN_INT_CONVERSION = YES;
				CLANG_WARN_OBJC_ROOT_CLASS = YES_ERROR;
				CLANG_WARN_SUSPICIOUS_MOVE = YES;
				CLANG_WARN_UNREACHABLE_CODE = YES;
				CLANG_WARN__DUPLICATE_METHOD_MATCH = YES;
				"CODE_SIGN_IDENTITY[sdk=iphoneos*]" = "iPhone Developer";
				COPY_PHASE_STRIP = NO;
				DEBUG_INFORMATION_FORMAT = dwarf;
				ENABLE_STRICT_OBJC_MSGSEND = YES;
				ENABLE_TESTABILITY = YES;
				GCC_C_LANGUAGE_STANDARD = gnu99;
				GCC_DYNAMIC_NO_PIC = NO;
				GCC_NO_COMMON_BLOCKS = YES;
				GCC_OPTIMIZATION_LEVEL = 0;
				GCC_PREPROCESSOR_DEFINITIONS = (
					"DEBUG=1",
					"$(inherited)",
				);
				GCC_WARN_64_TO_32_BIT_CONVERSION = YES;
				GCC_WARN_ABOUT_RETURN_TYPE = YES_ERROR;
				GCC_WARN_UNDECLARED_SELECTOR = YES;
				GCC_WARN_UNINITIALIZED_AUTOS = YES_AGGRESSIVE;
				GCC_WARN_UNUSED_FUNCTION = YES;
				GCC_WARN_UNUSED_VARIABLE = YES;
				IPHONEOS_DEPLOYMENT_TARGET = 10.3;
				MTL_ENABLE_DEBUG_INFO = YES;
				ONLY_ACTIVE_ARCH = YES;
				SDKROOT = iphoneos;
				SWIFT_ACTIVE_COMPILATION_CONDITIONS = DEBUG;
				SWIFT_OPTIMIZATION_LEVEL = "-Onone";
			};
			name = Debug;
		};
		BE23AA181EC43DCD00720589 /* Release */ = {
			isa = XCBuildConfiguration;
			buildSettings = {
				ALWAYS_SEARCH_USER_PATHS = NO;
				CLANG_ANALYZER_NONNULL = YES;
				CLANG_ANALYZER_NUMBER_OBJECT_CONVERSION = YES_AGGRESSIVE;
				CLANG_CXX_LANGUAGE_STANDARD = "gnu++0x";
				CLANG_CXX_LIBRARY = "libc++";
				CLANG_ENABLE_MODULES = YES;
				CLANG_ENABLE_OBJC_ARC = YES;
				CLANG_WARN_BOOL_CONVERSION = YES;
				CLANG_WARN_CONSTANT_CONVERSION = YES;
				CLANG_WARN_DIRECT_OBJC_ISA_USAGE = YES_ERROR;
				CLANG_WARN_DOCUMENTATION_COMMENTS = YES;
				CLANG_WARN_EMPTY_BODY = YES;
				CLANG_WARN_ENUM_CONVERSION = YES;
				CLANG_WARN_INFINITE_RECURSION = YES;
				CLANG_WARN_INT_CONVERSION = YES;
				CLANG_WARN_OBJC_ROOT_CLASS = YES_ERROR;
				CLANG_WARN_SUSPICIOUS_MOVE = YES;
				CLANG_WARN_UNREACHABLE_CODE = YES;
				CLANG_WARN__DUPLICATE_METHOD_MATCH = YES;
				"CODE_SIGN_IDENTITY[sdk=iphoneos*]" = "iPhone Developer";
				COPY_PHASE_STRIP = NO;
				DEBUG_INFORMATION_FORMAT = "dwarf-with-dsym";
				ENABLE_NS_ASSERTIONS = NO;
				ENABLE_STRICT_OBJC_MSGSEND = YES;
				GCC_C_LANGUAGE_STANDARD = gnu99;
				GCC_NO_COMMON_BLOCKS = YES;
				GCC_WARN_64_TO_32_BIT_CONVERSION = YES;
				GCC_WARN_ABOUT_RETURN_TYPE = YES_ERROR;
				GCC_WARN_UNDECLARED_SELECTOR = YES;
				GCC_WARN_UNINITIALIZED_AUTOS = YES_AGGRESSIVE;
				GCC_WARN_UNUSED_FUNCTION = YES;
				GCC_WARN_UNUSED_VARIABLE = YES;
				IPHONEOS_DEPLOYMENT_TARGET = 10.3;
				MTL_ENABLE_DEBUG_INFO = NO;
				SDKROOT = iphoneos;
				SWIFT_OPTIMIZATION_LEVEL = "-Owholemodule";
				VALIDATE_PRODUCT = YES;
			};
			name = Release;
		};
		BE23AA1A1EC43DCD00720589 /* Debug */ = {
			isa = XCBuildConfiguration;
			baseConfigurationReference = 627AEE7B861A23BDE586BFEF /* Pods-Poke Finder.debug.xcconfig */;
			buildSettings = {
				ASSETCATALOG_COMPILER_APPICON_NAME = AppIcon;
				DEVELOPMENT_TEAM = 5XZQ592FBM;
				INFOPLIST_FILE = "Poke Finder/Info.plist";
				LD_RUNPATH_SEARCH_PATHS = "$(inherited) @executable_path/Frameworks";
				PRODUCT_BUNDLE_IDENTIFIER = "com.r3dm4n.Poke-Finder";
				PRODUCT_NAME = "$(TARGET_NAME)";
				SWIFT_OBJC_BRIDGING_HEADER = "PokeFinder-Bridging-Header.h";
				SWIFT_VERSION = 3.0;
			};
			name = Debug;
		};
		BE23AA1B1EC43DCD00720589 /* Release */ = {
			isa = XCBuildConfiguration;
			baseConfigurationReference = 0541274B99179749E7FA4641 /* Pods-Poke Finder.release.xcconfig */;
			buildSettings = {
				ASSETCATALOG_COMPILER_APPICON_NAME = AppIcon;
				DEVELOPMENT_TEAM = 5XZQ592FBM;
				INFOPLIST_FILE = "Poke Finder/Info.plist";
				LD_RUNPATH_SEARCH_PATHS = "$(inherited) @executable_path/Frameworks";
				PRODUCT_BUNDLE_IDENTIFIER = "com.r3dm4n.Poke-Finder";
				PRODUCT_NAME = "$(TARGET_NAME)";
				SWIFT_OBJC_BRIDGING_HEADER = "PokeFinder-Bridging-Header.h";
				SWIFT_VERSION = 3.0;
			};
			name = Release;
		};
/* End XCBuildConfiguration section */

/* Begin XCConfigurationList section */
		BE23AA021EC43DCD00720589 /* Build configuration list for PBXProject "Poke Finder" */ = {
			isa = XCConfigurationList;
			buildConfigurations = (
				BE23AA171EC43DCD00720589 /* Debug */,
				BE23AA181EC43DCD00720589 /* Release */,
			);
			defaultConfigurationIsVisible = 0;
			defaultConfigurationName = Release;
		};
		BE23AA191EC43DCD00720589 /* Build configuration list for PBXNativeTarget "Poke Finder" */ = {
			isa = XCConfigurationList;
			buildConfigurations = (
				BE23AA1A1EC43DCD00720589 /* Debug */,
				BE23AA1B1EC43DCD00720589 /* Release */,
			);
			defaultConfigurationIsVisible = 0;
			defaultConfigurationName = Release;
		};
/* End XCConfigurationList section */
	};
	rootObject = BE23A9FF1EC43DCD00720589 /* Project object */;
}
